{
  "lockfileVersion": 2,
  "configVersion": 1,
  "workspaces": {
    "": {
      "name": "magic-code",
      "dependencies": {
        "@magic/app": "workspace:*",
      },
      "devDependencies": {
        "@types/bun": "^1.2.0",
        "typescript": "^5.7.0",
      },
    },
    "packages/app": {
      "name": "@magic/app",
      "version": "0.0.0",
      "bin": {
        "magic": "./src/cli.ts",
      },
      "dependencies": {
        "@magic/kernel": "workspace:*",
        "@magic/tui": "workspace:*",
      },
    },
    "packages/kernel": {
      "name": "@magic/kernel",
      "version": "0.0.0",
    },
    "packages/tui": {
      "name": "@magic/tui",
      "version": "0.0.0",
      "dependencies": {
        "@magic/kernel": "workspace:*",
      },
    },
  },
  "packages": {
    "@magic/app": ["@magic/app@workspace:packages/app"],

    "@magic/kernel": ["@magic/kernel@workspace:packages/kernel"],

    "@magic/tui": ["@magic/tui@workspace:packages/tui"],

    "@types/bun": ["@types/bun@1.4.2", "https://registry.npmmirror.com/@types/bun/-/bun-1.4.2.tgz", { "dependencies": { "bun-types": "1.4.2" } }, "sha512-GimotNn7+ZV0uVArItBbriZsR1oNf0+WTzPkdcFrzShI7k2norL0uzEaJT8T33dWr7O/c9ZDuAFQrctKCi72oQ=="],

    "@types/node": ["@types/node@26.6.0", "https://registry.npmmirror.com/@types/node/-/node-26.6.0.tgz", { "dependencies": { "undici-types": "~8.9.0" } }, "sha512-FWWQhDlKSnEJVe+CTJCQL8Fol7s1MKo3Ud0fjryxoOoH+hwMIPxol0MguYrLi2I0VvIFwOU2DwdWET2+px15qg=="],

    "bun-types": ["bun-types@1.4.2", "https://registry.npmmirror.com/bun-types/-/bun-types-1.4.2.tgz", { "dependencies": { "@types/node": "*" } }, "sha512-bxV1FgK7yBIzjRe5zBozIM4Bem11ZJcCXSrjWRG3YWLt8yFDePu4cLjpebO8OvPeIE9trbyPF4fuj3Cia4Fj3w=="],

    "typescript": ["typescript@5.9.3", "https://registry.npmmirror.com/typescript/-/typescript-5.9.3.tgz", { "bin": { "tsc": "bin/tsc", "tsserver": "bin/tsserver" } }, "sha512-jl1vZzPDinLr9eUt3J/t7V6FgNEw9QjvBPdysz9KfQDD41fQrC2Y4vKQdiaUpFT4bXlb1RHhLpp8wtm6M5TgSw=="],

    "undici-types": ["undici-types@8.9.0", "https://registry.npmmirror.com/undici-types/-/undici-types-8.9.0.tgz", {}, "sha512-KTDyRTYX8sWmKXAikPHHSyc63CRPETMctyjKFupcC6OBLXT3xsN0e9aF7m+mIXutFWpUXuedtowG7iLOzp0kQg=="],
  }
}
