{
  "lockfileVersion": 2,
  "configVersion": 1,
  "workspaces": {
    "": {
      "name": "magic-code",
      "dependencies": {
        "@magic/app": "workspace:*",
      },
      "devDependencies": {
        "@types/bun": "^1.2.0",
        "typescript": "^5.7.0",
      },
    },
    "packages/app": {
      "name": "@magic/app",
      "version": "0.0.0",
      "bin": {
        "magic": "./src/cli.ts",
      },
      "dependencies": {
        "@magic/kernel": "workspace:*",
        "@magic/tui": "workspace:*",
      },
    },
    "packages/contracts": {
      "name": "@magic/contracts",
      "version": "0.0.0",
    },
    "packages/control": {
      "name": "@magic/control",
      "version": "0.0.0",
      "dependencies": {
        "@magic/contracts": "workspace:*",
      },
    },
    "packages/kernel": {
      "name": "@magic/kernel",
      "version": "0.0.0",
    },
    "packages/model": {
      "name": "@magic/model",
      "version": "0.0.0",
      "dependencies": {
        "@ai-sdk/openai-compatible": "3.0.49",
        "@magic/contracts": "workspace:*",
        "ai": "7.0.102",
      },
    },
    "packages/tui": {
      "name": "@magic/tui",
      "version": "0.0.0",
      "dependencies": {
        "@magic/kernel": "workspace:*",
      },
    },
  },
  "packages": {
    "@ai-sdk/gateway": ["@ai-sdk/gateway@4.0.82", "https://registry.npmmirror.com/@ai-sdk/gateway/-/gateway-4.0.82.tgz", { "dependencies": { "@ai-sdk/provider": "4.0.15", "@ai-sdk/provider-utils": "5.0.41", "@vercel/oidc": "3.2.0" }, "peerDependencies": { "zod": "^3.25.76 || ^4.1.8" } }, "sha512-WbRChvbJY2zf0qBxFu6UENi0p69fPzP7lKViNTIp3gr76w9bLUFvV5fTXS5uGPqDOkzlTIuAkqWxYNayEBSn6Q=="],

    "@ai-sdk/openai-compatible": ["@ai-sdk/openai-compatible@3.0.49", "https://registry.npmmirror.com/@ai-sdk/openai-compatible/-/openai-compatible-3.0.49.tgz", { "dependencies": { "@ai-sdk/provider": "4.0.15", "@ai-sdk/provider-utils": "5.0.41" }, "peerDependencies": { "zod": "^3.25.76 || ^4.1.8" } }, "sha512-BuJp3/ujLkOf0wdMLPrI68ceyGUr85MrUvccJX+OXJ18imILzyN0B6JQf+8HbBBqqYwzTOvtwqMCbjHI1XBt6Q=="],

    "@ai-sdk/provider": ["@ai-sdk/provider@4.0.15", "https://registry.npmmirror.com/@ai-sdk/provider/-/provider-4.0.15.tgz", { "dependencies": { "json-schema": "^0.4.0" } }, "sha512-LIDCrT8xgWVMiVUV13+v9FXPJ8B5uX/5ByEMXxp9Sspr2SyB1PwMSCPshZoI/t+4AgxyZCFEVutdaigCnqje3w=="],

    "@ai-sdk/provider-utils": ["@ai-sdk/provider-utils@5.0.41", "https://registry.npmmirror.com/@ai-sdk/provider-utils/-/provider-utils-5.0.41.tgz", { "dependencies": { "@ai-sdk/provider": "4.0.15", "@standard-schema/spec": "^1.1.0", "@workflow/serde": "4.1.0", "eventsource-parser": "^3.0.8", "undici": "^7.29.0" }, "peerDependencies": { "zod": "^3.25.76 || ^4.1.8" } }, "sha512-hSosMII5k33z0buaZ6dugH/g8yIJjPQBILuQvr4ThdiMJxrkiZxFWTgIkvKsT6Dk493JbsnGz5W/q88Y5bR7WA=="],

    "@magic/app": ["@magic/app@workspace:packages/app"],

    "@magic/contracts": ["@magic/contracts@workspace:packages/contracts"],

    "@magic/control": ["@magic/control@workspace:packages/control"],

    "@magic/kernel": ["@magic/kernel@workspace:packages/kernel"],

    "@magic/model": ["@magic/model@workspace:packages/model"],

    "@magic/tui": ["@magic/tui@workspace:packages/tui"],

    "@standard-schema/spec": ["@standard-schema/spec@1.1.0", "https://registry.npmmirror.com/@standard-schema/spec/-/spec-1.1.0.tgz", {}, "sha512-l2aFy5jALhniG5HgqrD6jXLi/rUWrKvqN/qJx6yoJsgKhblVd+iqqU4RCXavm/jPityDo5TCvKMnpjKnOriy0w=="],

    "@types/bun": ["@types/bun@1.4.2", "https://registry.npmmirror.com/@types/bun/-/bun-1.4.2.tgz", { "dependencies": { "bun-types": "1.4.2" } }, "sha512-GimotNn7+ZV0uVArItBbriZsR1oNf0+WTzPkdcFrzShI7k2norL0uzEaJT8T33dWr7O/c9ZDuAFQrctKCi72oQ=="],

    "@types/node": ["@types/node@26.6.0", "https://registry.npmmirror.com/@types/node/-/node-26.6.0.tgz", { "dependencies": { "undici-types": "~8.9.0" } }, "sha512-FWWQhDlKSnEJVe+CTJCQL8Fol7s1MKo3Ud0fjryxoOoH+hwMIPxol0MguYrLi2I0VvIFwOU2DwdWET2+px15qg=="],

    "@vercel/oidc": ["@vercel/oidc@3.2.0", "https://registry.npmmirror.com/@vercel/oidc/-/oidc-3.2.0.tgz", {}, "sha512-UycprH3T6n3jH0k44NHMa7pnFHGu/N05MjojYr+Mc6I7obkoLIJujSWwin1pCvdy/eOxrI/l3uDLQsmcrOb4ug=="],

    "@workflow/serde": ["@workflow/serde@4.1.0", "https://registry.npmmirror.com/@workflow/serde/-/serde-4.1.0.tgz", {}, "sha512-pav4F2BoirECWR7Nf1TKt+2eETcBj7jj4cBefQ8VXQCA6NPkaKeLfj/zMgi+3zYV5ZIBT4GuUiphsj0/b9hPQQ=="],

    "ai": ["ai@7.0.102", "https://registry.npmmirror.com/ai/-/ai-7.0.102.tgz", { "dependencies": { "@ai-sdk/gateway": "4.0.82", "@ai-sdk/provider": "4.0.15", "@ai-sdk/provider-utils": "5.0.41" }, "peerDependencies": { "zod": "^3.25.76 || ^4.1.8" } }, "sha512-zYpEoHm3+T+KGGlP7aLGhrEVCbJdTxb7eoxvGBB+BjSrHnt55+uQ/sHUO69xUly1LB2RoDpHD3o521HSzs+h8g=="],

    "bun-types": ["bun-types@1.4.2", "https://registry.npmmirror.com/bun-types/-/bun-types-1.4.2.tgz", { "dependencies": { "@types/node": "*" } }, "sha512-bxV1FgK7yBIzjRe5zBozIM4Bem11ZJcCXSrjWRG3YWLt8yFDePu4cLjpebO8OvPeIE9trbyPF4fuj3Cia4Fj3w=="],

    "eventsource-parser": ["eventsource-parser@3.1.1", "https://registry.npmmirror.com/eventsource-parser/-/eventsource-parser-3.1.1.tgz", {}, "sha512-EKN1vKAMcZ8MlYMpaNuxN6R9yakzH6uajHcHVTqWJzvu5pWw9DyhbP35HH8MVBQ+dZjAfDxk+A8NiR9KWaXiyQ=="],

    "json-schema": ["json-schema@0.4.0", "https://registry.npmmirror.com/json-schema/-/json-schema-0.4.0.tgz", {}, "sha512-es94M3nTIfsEPisRafak+HDLfHXnKBhV3vU5eqPcS3flIWqcxJWgXHXiey3YrpaNsanY5ei1VoYEbOzijuq9BA=="],

    "typescript": ["typescript@5.9.3", "https://registry.npmmirror.com/typescript/-/typescript-5.9.3.tgz", { "bin": { "tsc": "bin/tsc", "tsserver": "bin/tsserver" } }, "sha512-jl1vZzPDinLr9eUt3J/t7V6FgNEw9QjvBPdysz9KfQDD41fQrC2Y4vKQdiaUpFT4bXlb1RHhLpp8wtm6M5TgSw=="],

    "undici": ["undici@7.29.1", "https://registry.npmmirror.com/undici/-/undici-7.29.1.tgz", {}, "sha512-RYONW2MeafgYlkVOKYKkA/Ag7BmXqgIWCa8t1m0JcxrQg9pI9lEqRhAOruOBCbAohOa/gkCF+iPi9hrgvTzu6Q=="],

    "undici-types": ["undici-types@8.9.0", "https://registry.npmmirror.com/undici-types/-/undici-types-8.9.0.tgz", {}, "sha512-KTDyRTYX8sWmKXAikPHHSyc63CRPETMctyjKFupcC6OBLXT3xsN0e9aF7m+mIXutFWpUXuedtowG7iLOzp0kQg=="],

    "zod": ["zod@4.6.5", "https://registry.npmmirror.com/zod/-/zod-4.6.5.tgz", {}, "sha512-v5l/aFXZQeai4awLbOpSoHecE9UiMrnfx75tEXLjNonXVARxQ5mOeipTjROUchszUNCqnE+hqAMujRsRHsut2Q=="],
  }
}
