// !$*UTF8*$!
{ archiveVersion = 1; classes = {}; objectVersion = 56; objects = {
5FA6AECFE23C52818DAFF8A1 = { isa = PBXFileReference; lastKnownFileType = folder.assetcatalog; path = MagicCode/Resources/Assets.xcassets; sourceTree = "<group>"; };
CF8A4D27E1C506A7C75A76BE = { isa = PBXBuildFile; fileRef = 5FA6AECFE23C52818DAFF8A1; };
AABE4DD886E491F8460ED547 = { isa = PBXResourcesBuildPhase; buildActionMask = 2147483647; files = (CF8A4D27E1C506A7C75A76BE,); runOnlyForDeploymentPostprocessing = 0; };

4DE537A34DF885EBB043F74D = { isa = PBXFileReference; lastKnownFileType = sourcecode.swift; path = "MagicCode/App/AppModel.swift"; sourceTree = "<group>"; };
9D4D39ADA85EA5D3BDB30DF2 = { isa = PBXFileReference; lastKnownFileType = sourcecode.swift; path = "MagicCode/App/MagicCodeApp.swift"; sourceTree = "<group>"; };
8BC5B973AB35846C6B251E53 = { isa = PBXFileReference; lastKnownFileType = sourcecode.swift; path = "MagicCode/App/SettingsView.swift"; sourceTree = "<group>"; };
7B9C0E3BBBF1063325049F39 = { isa = PBXFileReference; lastKnownFileType = sourcecode.swift; path = "MagicCode/Notifications/NotificationCoordinator.swift"; sourceTree = "<group>"; };
4990437E6DE142A23E1D6721 = { isa = PBXFileReference; lastKnownFileType = sourcecode.swift; path = "MagicCode/Runtime/HostProcess.swift"; sourceTree = "<group>"; };
E4E5BA979364B5EF84D0AD22 = { isa = PBXFileReference; lastKnownFileType = sourcecode.swift; path = "MagicCode/Runtime/NativeWire.swift"; sourceTree = "<group>"; };
3CCAD60FA5C39CC00EDE6A96 = { isa = PBXFileReference; lastKnownFileType = sourcecode.swift; path = "MagicCode/Runtime/ObserverConnection.swift"; sourceTree = "<group>"; };
1A3494D7DE91106D8648F902 = { isa = PBXFileReference; lastKnownFileType = sourcecode.swift; path = "MagicCode/Runtime/PrivateFiles.swift"; sourceTree = "<group>"; };
6E47F64E21D7D0A878E096D4 = { isa = PBXFileReference; lastKnownFileType = sourcecode.swift; path = "MagicCode/StatusBar/StatusPanel.swift"; sourceTree = "<group>"; };
A347379FA1298625E81C80D8 = { isa = PBXFileReference; lastKnownFileType = sourcecode.swift; path = "MagicCode/StatusBar/WorkList.swift"; sourceTree = "<group>"; };
C41D7E2B90A3F5816470D2E1 = { isa = PBXFileReference; lastKnownFileType = sourcecode.swift; path = "MagicCode/StatusBar/MenuBarMark.swift"; sourceTree = "<group>"; };
86904828F8250BEF557F1FB6 = { isa = PBXFileReference; lastKnownFileType = sourcecode.swift; path = "MagicCode/Terminal/TerminalLauncher.swift"; sourceTree = "<group>"; };
E9B658082E76CAB83D6DA842 = { isa = PBXFileReference; lastKnownFileType = sourcecode.swift; path = "MagicCodeTests/NativeTests.swift"; sourceTree = "<group>"; };
6D795F13C8C22E022040EE00 = { isa = PBXFileReference; explicitFileType = wrapper.application; path = "Magic Code Dev.app"; sourceTree = BUILT_PRODUCTS_DIR; };
AEAE4B28CDFF08F590396BA5 = { isa = PBXFileReference; explicitFileType = wrapper.cfbundle; path = MagicCodeTests.xctest; sourceTree = BUILT_PRODUCTS_DIR; };
FBDC4F23F93125BBEEAE800C = { isa = PBXGroup; name = Products; children = (6D795F13C8C22E022040EE00, AEAE4B28CDFF08F590396BA5,); sourceTree = "<group>"; };
B28B7AF69320201D1CF206EB = { isa = PBXGroup; children = (5FA6AECFE23C52818DAFF8A1, 4DE537A34DF885EBB043F74D, 9D4D39ADA85EA5D3BDB30DF2, 8BC5B973AB35846C6B251E53, 7B9C0E3BBBF1063325049F39, 4990437E6DE142A23E1D6721, E4E5BA979364B5EF84D0AD22, 3CCAD60FA5C39CC00EDE6A96, 1A3494D7DE91106D8648F902, 6E47F64E21D7D0A878E096D4, A347379FA1298625E81C80D8, C41D7E2B90A3F5816470D2E1, 86904828F8250BEF557F1FB6, E9B658082E76CAB83D6DA842, FBDC4F23F93125BBEEAE800C,); sourceTree = "<group>"; };
27A9E1DAEA036627F2CA985F = { isa = PBXBuildFile; fileRef = 4DE537A34DF885EBB043F74D; };
7AB305F4419A3015E91AB8BB = { isa = PBXBuildFile; fileRef = 9D4D39ADA85EA5D3BDB30DF2; };
7CE6326B76909BFF50D8C0A0 = { isa = PBXBuildFile; fileRef = 8BC5B973AB35846C6B251E53; };
5FCC28A28F9A3B1318F5CE05 = { isa = PBXBuildFile; fileRef = 7B9C0E3BBBF1063325049F39; };
3103D71CD317B2CA01A15624 = { isa = PBXBuildFile; fileRef = 4990437E6DE142A23E1D6721; };
C617516B3AF2EB6091414F41 = { isa = PBXBuildFile; fileRef = E4E5BA979364B5EF84D0AD22; };
D82E2C934CF553E1DD6E73DF = { isa = PBXBuildFile; fileRef = 3CCAD60FA5C39CC00EDE6A96; };
85FAF27B339F146E9B47CE1A = { isa = PBXBuildFile; fileRef = 1A3494D7DE91106D8648F902; };
2749B3CC659DF9BD4CA00141 = { isa = PBXBuildFile; fileRef = 6E47F64E21D7D0A878E096D4; };
B5067E161680A024482F56E2 = { isa = PBXBuildFile; fileRef = A347379FA1298625E81C80D8; };
0967BB15251B938E00AD48C2 = { isa = PBXBuildFile; fileRef = 86904828F8250BEF557F1FB6; };
C41D7E2B90A3F5816470D2E2 = { isa = PBXBuildFile; fileRef = C41D7E2B90A3F5816470D2E1; };
2D764CD838DB39F040AA7EC4 = { isa = PBXSourcesBuildPhase; buildActionMask = 2147483647; files = (27A9E1DAEA036627F2CA985F, 7AB305F4419A3015E91AB8BB, 7CE6326B76909BFF50D8C0A0, 5FCC28A28F9A3B1318F5CE05, 3103D71CD317B2CA01A15624, C617516B3AF2EB6091414F41, D82E2C934CF553E1DD6E73DF, 85FAF27B339F146E9B47CE1A, 2749B3CC659DF9BD4CA00141, B5067E161680A024482F56E2, C41D7E2B90A3F5816470D2E2, 0967BB15251B938E00AD48C2,); runOnlyForDeploymentPostprocessing = 0; };
12384B5908BE5FE5B3301CEE = { isa = PBXFrameworksBuildPhase; buildActionMask = 2147483647; files = (); runOnlyForDeploymentPostprocessing = 0; };
28C0A1416CEB68AFAE2E62DD = { isa = PBXBuildFile; fileRef = 4DE537A34DF885EBB043F74D; };
ECE75E8FB2933CDDDB9EA560 = { isa = PBXBuildFile; fileRef = 8BC5B973AB35846C6B251E53; };
230CBBA866E03A3F4D272011 = { isa = PBXBuildFile; fileRef = 7B9C0E3BBBF1063325049F39; };
E44D99F8F7793439B36E43EE = { isa = PBXBuildFile; fileRef = 4990437E6DE142A23E1D6721; };
ACFA4B685BFF4EBA4025C595 = { isa = PBXBuildFile; fileRef = E4E5BA979364B5EF84D0AD22; };
999F679C1F7A0E8318616F04 = { isa = PBXBuildFile; fileRef = 3CCAD60FA5C39CC00EDE6A96; };
42122528F2B3694A34391623 = { isa = PBXBuildFile; fileRef = 1A3494D7DE91106D8648F902; };
73D84C240E08F8432B7DE7BE = { isa = PBXBuildFile; fileRef = 6E47F64E21D7D0A878E096D4; };
8DCD41710D67759C3A6A42BB = { isa = PBXBuildFile; fileRef = A347379FA1298625E81C80D8; };
08B8521C983D2E576A6F06C0 = { isa = PBXBuildFile; fileRef = 86904828F8250BEF557F1FB6; };
C41D7E2B90A3F5816470D2E3 = { isa = PBXBuildFile; fileRef = C41D7E2B90A3F5816470D2E1; };
4DFB01BAE2E3360C7D122EF3 = { isa = PBXBuildFile; fileRef = E9B658082E76CAB83D6DA842; };
0AAF609B956B1178EE16AECC = { isa = PBXSourcesBuildPhase; buildActionMask = 2147483647; files = (28C0A1416CEB68AFAE2E62DD, ECE75E8FB2933CDDDB9EA560, 230CBBA866E03A3F4D272011, E44D99F8F7793439B36E43EE, ACFA4B685BFF4EBA4025C595, 999F679C1F7A0E8318616F04, 42122528F2B3694A34391623, 73D84C240E08F8432B7DE7BE, 8DCD41710D67759C3A6A42BB, C41D7E2B90A3F5816470D2E3, 08B8521C983D2E576A6F06C0, 4DFB01BAE2E3360C7D122EF3,); runOnlyForDeploymentPostprocessing = 0; };
0A7B6C0932A5D1B0862B4A3C = { isa = PBXFrameworksBuildPhase; buildActionMask = 2147483647; files = (); runOnlyForDeploymentPostprocessing = 0; };
89E1FD6268CC0F221A2BE178 = { isa = XCBuildConfiguration; buildSettings = { SDKROOT = "macosx"; MACOSX_DEPLOYMENT_TARGET = "26.0"; ARCHS = "arm64"; SWIFT_VERSION = "5.0"; ENABLE_DEBUG_DYLIB = NO; SWIFT_STRICT_CONCURRENCY = "minimal"; CLANG_ENABLE_MODULES = "YES"; ENABLE_HARDENED_RUNTIME = "YES"; CODE_SIGN_STYLE = "Manual"; CODE_SIGN_IDENTITY = "-"; CODE_SIGNING_ALLOWED = "NO"; MARKETING_VERSION = "0.0.0"; CURRENT_PROJECT_VERSION = "1"; SWIFT_OPTIMIZATION_LEVEL = "-Onone"; DEBUG_INFORMATION_FORMAT = "dwarf-with-dsym"; ENABLE_TESTABILITY = "YES"; }; name = Debug; };
E6DE6C99132752C914FEF632 = { isa = XCBuildConfiguration; buildSettings = { SDKROOT = "macosx"; MACOSX_DEPLOYMENT_TARGET = "26.0"; ARCHS = "arm64"; SWIFT_VERSION = "5.0"; ENABLE_DEBUG_DYLIB = NO; SWIFT_STRICT_CONCURRENCY = "minimal"; CLANG_ENABLE_MODULES = "YES"; ENABLE_HARDENED_RUNTIME = "YES"; CODE_SIGN_STYLE = "Manual"; CODE_SIGN_IDENTITY = "-"; CODE_SIGNING_ALLOWED = "NO"; MARKETING_VERSION = "0.0.0"; CURRENT_PROJECT_VERSION = "1"; SWIFT_OPTIMIZATION_LEVEL = "-O"; DEBUG_INFORMATION_FORMAT = "dwarf-with-dsym"; ENABLE_TESTABILITY = "YES"; }; name = Release; };
F8C70E4123C9AE82C42562CC = { isa = XCConfigurationList; buildConfigurations = (89E1FD6268CC0F221A2BE178, E6DE6C99132752C914FEF632,); defaultConfigurationIsVisible = 0; defaultConfigurationName = Release; };
E9B2E96ABC5F6856F2BE79CF = { isa = XCBuildConfiguration; buildSettings = { SDKROOT = "macosx"; MACOSX_DEPLOYMENT_TARGET = "26.0"; ARCHS = "arm64"; SWIFT_VERSION = "5.0"; ENABLE_DEBUG_DYLIB = NO; SWIFT_STRICT_CONCURRENCY = "minimal"; CLANG_ENABLE_MODULES = "YES"; ENABLE_HARDENED_RUNTIME = "YES"; CODE_SIGN_STYLE = "Manual"; CODE_SIGN_IDENTITY = "-"; CODE_SIGNING_ALLOWED = "NO"; MARKETING_VERSION = "0.0.0"; CURRENT_PROJECT_VERSION = "1"; SWIFT_OPTIMIZATION_LEVEL = "-Onone"; DEBUG_INFORMATION_FORMAT = "dwarf-with-dsym"; ENABLE_TESTABILITY = "YES"; PRODUCT_NAME = "Magic Code Dev"; PRODUCT_MODULE_NAME = "MagicCode"; EXECUTABLE_NAME = MagicCode; ASSETCATALOG_COMPILER_APPICON_NAME = AppIcon; PRODUCT_BUNDLE_IDENTIFIER = "com.magiccode.app.dev"; INFOPLIST_FILE = "MagicCode/Resources/Info.plist"; COMBINE_HIDPI_IMAGES = "YES"; SWIFT_ACTIVE_COMPILATION_CONDITIONS = "DEBUG"; }; name = Debug; };
5A8C91857F674E16E2724F47 = { isa = XCBuildConfiguration; buildSettings = { SDKROOT = "macosx"; MACOSX_DEPLOYMENT_TARGET = "26.0"; ARCHS = "arm64"; SWIFT_VERSION = "5.0"; ENABLE_DEBUG_DYLIB = NO; SWIFT_STRICT_CONCURRENCY = "minimal"; CLANG_ENABLE_MODULES = "YES"; ENABLE_HARDENED_RUNTIME = "YES"; CODE_SIGN_STYLE = "Manual"; CODE_SIGN_IDENTITY = "-"; CODE_SIGNING_ALLOWED = "NO"; MARKETING_VERSION = "0.0.0"; CURRENT_PROJECT_VERSION = "1"; SWIFT_OPTIMIZATION_LEVEL = "-O"; DEBUG_INFORMATION_FORMAT = "dwarf-with-dsym"; ENABLE_TESTABILITY = "YES"; PRODUCT_NAME = "Magic Code"; PRODUCT_MODULE_NAME = "MagicCode"; EXECUTABLE_NAME = MagicCode; ASSETCATALOG_COMPILER_APPICON_NAME = AppIcon; PRODUCT_BUNDLE_IDENTIFIER = "com.magiccode.app"; INFOPLIST_FILE = "MagicCode/Resources/Info.plist"; COMBINE_HIDPI_IMAGES = "YES"; SWIFT_ACTIVE_COMPILATION_CONDITIONS = ""; }; name = Release; };
DA1189605F4160DBE5714E93 = { isa = XCConfigurationList; buildConfigurations = (E9B2E96ABC5F6856F2BE79CF, 5A8C91857F674E16E2724F47,); defaultConfigurationIsVisible = 0; defaultConfigurationName = Release; };
0F3D67935A4F199E058A017A = { isa = XCBuildConfiguration; buildSettings = { SDKROOT = "macosx"; MACOSX_DEPLOYMENT_TARGET = "26.0"; ARCHS = "arm64"; SWIFT_VERSION = "5.0"; ENABLE_DEBUG_DYLIB = NO; SWIFT_STRICT_CONCURRENCY = "minimal"; CLANG_ENABLE_MODULES = "YES"; ENABLE_HARDENED_RUNTIME = "YES"; CODE_SIGN_STYLE = "Manual"; CODE_SIGN_IDENTITY = "-"; CODE_SIGNING_ALLOWED = "NO"; MARKETING_VERSION = "0.0.0"; CURRENT_PROJECT_VERSION = "1"; SWIFT_OPTIMIZATION_LEVEL = "-Onone"; DEBUG_INFORMATION_FORMAT = "dwarf-with-dsym"; ENABLE_TESTABILITY = "YES"; PRODUCT_NAME = "MagicCodeTests"; PRODUCT_BUNDLE_IDENTIFIER = "com.magiccode.app.tests"; GENERATE_INFOPLIST_FILE = "YES"; SWIFT_ACTIVE_COMPILATION_CONDITIONS = "DEBUG"; LD_RUNPATH_SEARCH_PATHS = "$(inherited) @loader_path/../Frameworks @executable_path/../Frameworks"; }; name = Debug; };
20B70E15FDC36C625E57F658 = { isa = XCBuildConfiguration; buildSettings = { SDKROOT = "macosx"; MACOSX_DEPLOYMENT_TARGET = "26.0"; ARCHS = "arm64"; SWIFT_VERSION = "5.0"; ENABLE_DEBUG_DYLIB = NO; SWIFT_STRICT_CONCURRENCY = "minimal"; CLANG_ENABLE_MODULES = "YES"; ENABLE_HARDENED_RUNTIME = "YES"; CODE_SIGN_STYLE = "Manual"; CODE_SIGN_IDENTITY = "-"; CODE_SIGNING_ALLOWED = "NO"; MARKETING_VERSION = "0.0.0"; CURRENT_PROJECT_VERSION = "1"; SWIFT_OPTIMIZATION_LEVEL = "-O"; DEBUG_INFORMATION_FORMAT = "dwarf-with-dsym"; ENABLE_TESTABILITY = "YES"; PRODUCT_NAME = "MagicCodeTests"; PRODUCT_BUNDLE_IDENTIFIER = "com.magiccode.app.tests"; GENERATE_INFOPLIST_FILE = "YES"; SWIFT_ACTIVE_COMPILATION_CONDITIONS = "DEBUG"; LD_RUNPATH_SEARCH_PATHS = "$(inherited) @loader_path/../Frameworks @executable_path/../Frameworks"; }; name = Release; };
12B527EF3EF9C4DD757429EA = { isa = XCConfigurationList; buildConfigurations = (0F3D67935A4F199E058A017A, 20B70E15FDC36C625E57F658,); defaultConfigurationIsVisible = 0; defaultConfigurationName = Release; };
7D1043473D55BFA90E8530D3 = { isa = PBXNativeTarget; buildConfigurationList = DA1189605F4160DBE5714E93; buildPhases = (AABE4DD886E491F8460ED547, 2D764CD838DB39F040AA7EC4, 12384B5908BE5FE5B3301CEE,); buildRules = (); dependencies = (); name = MagicCode; productName = MagicCode; productReference = 6D795F13C8C22E022040EE00; productType = "com.apple.product-type.application"; };
04D13FD0AA6F0197CF2C9990 = { isa = PBXNativeTarget; buildConfigurationList = 12B527EF3EF9C4DD757429EA; buildPhases = (0AAF609B956B1178EE16AECC, 0A7B6C0932A5D1B0862B4A3C,); buildRules = (); dependencies = (); name = MagicCodeTests; productName = MagicCodeTests; productReference = AEAE4B28CDFF08F590396BA5; productType = "com.apple.product-type.bundle.unit-test"; };
98F54143AB4E86B28C3AFEE0 = { isa = PBXProject; attributes = { LastUpgradeCheck = 2660; }; buildConfigurationList = F8C70E4123C9AE82C42562CC; compatibilityVersion = "Xcode 14.0"; developmentRegion = zh_CN; knownRegions = (zh_CN, en, Base,); mainGroup = B28B7AF69320201D1CF206EB; productRefGroup = FBDC4F23F93125BBEEAE800C; projectDirPath = ""; projectRoot = ""; targets = (7D1043473D55BFA90E8530D3, 04D13FD0AA6F0197CF2C9990,); };
}; rootObject = 98F54143AB4E86B28C3AFEE0; }
